
Microsoft Visual Studio Solution File, Format Version 12.00
# Visual Studio Version 17
VisualStudioVersion = 17.6.33829.357
MinimumVisualStudioVersion = 10.0.40219.1
Project("{8BC9CEB8-8B4A-11D0-8D11-00A0C91BC942}") = "Chapter 2 Q2", "Chapter 2 Q2\Chapter 2 Q2.vcxproj", "{19343ED7-D206-42EB-AE19-872F961CA593}"
EndProject
Global
	GlobalSection(SolutionConfigurationPlatforms) = preSolution
		Debug|x64 = Debug|x64
		Debug|x86 = Debug|x86
		Release|x64 = Release|x64
		Release|x86 = Release|x86
	EndGlobalSection
	GlobalSection(ProjectConfigurationPlatforms) = postSolution
		{19343ED7-D206-42EB-AE19-872F961CA593}.Debug|x64.ActiveCfg = Debug|x64
		{19343ED7-D206-42EB-AE19-872F961CA593}.Debug|x64.Build.0 = Debug|x64
		{19343ED7-D206-42EB-AE19-872F961CA593}.Debug|x86.ActiveCfg = Debug|Win32
		{19343ED7-D206-42EB-AE19-872F961CA593}.Debug|x86.Build.0 = Debug|Win32
		{19343ED7-D206-42EB-AE19-872F961CA593}.Release|x64.ActiveCfg = Release|x64
		{19343ED7-D206-42EB-AE19-872F961CA593}.Release|x64.Build.0 = Release|x64
		{19343ED7-D206-42EB-AE19-872F961CA593}.Release|x86.ActiveCfg = Release|Win32
		{19343ED7-D206-42EB-AE19-872F961CA593}.Release|x86.Build.0 = Release|Win32
	EndGlobalSection
	GlobalSection(SolutionProperties) = preSolution
		HideSolutionNode = FALSE
	EndGlobalSection
	GlobalSection(ExtensibilityGlobals) = postSolution
		SolutionGuid = {83FA92EE-DA3D-4931-8F18-12BCA89CD44E}
	EndGlobalSection
EndGlobal
