
Microsoft Visual Studio Solution File, Format Version 12.00
# Visual Studio Version 17
VisualStudioVersion = 17.6.33829.357
MinimumVisualStudioVersion = 10.0.40219.1
Project("{8BC9CEB8-8B4A-11D0-8D11-00A0C91BC942}") = "Chapter 4 Q3", "Chapter 4 Q3\Chapter 4 Q3.vcxproj", "{BB368E59-B48E-4046-AB4E-1EDAB068EBEF}"
EndProject
Global
	GlobalSection(SolutionConfigurationPlatforms) = preSolution
		Debug|x64 = Debug|x64
		Debug|x86 = Debug|x86
		Release|x64 = Release|x64
		Release|x86 = Release|x86
	EndGlobalSection
	GlobalSection(ProjectConfigurationPlatforms) = postSolution
		{BB368E59-B48E-4046-AB4E-1EDAB068EBEF}.Debug|x64.ActiveCfg = Debug|x64
		{BB368E59-B48E-4046-AB4E-1EDAB068EBEF}.Debug|x64.Build.0 = Debug|x64
		{BB368E59-B48E-4046-AB4E-1EDAB068EBEF}.Debug|x86.ActiveCfg = Debug|Win32
		{BB368E59-B48E-4046-AB4E-1EDAB068EBEF}.Debug|x86.Build.0 = Debug|Win32
		{BB368E59-B48E-4046-AB4E-1EDAB068EBEF}.Release|x64.ActiveCfg = Release|x64
		{BB368E59-B48E-4046-AB4E-1EDAB068EBEF}.Release|x64.Build.0 = Release|x64
		{BB368E59-B48E-4046-AB4E-1EDAB068EBEF}.Release|x86.ActiveCfg = Release|Win32
		{BB368E59-B48E-4046-AB4E-1EDAB068EBEF}.Release|x86.Build.0 = Release|Win32
	EndGlobalSection
	GlobalSection(SolutionProperties) = preSolution
		HideSolutionNode = FALSE
	EndGlobalSection
	GlobalSection(ExtensibilityGlobals) = postSolution
		SolutionGuid = {B65ACDCD-06D9-41AF-80B7-090B236C8761}
	EndGlobalSection
EndGlobal
