
Microsoft Visual Studio Solution File, Format Version 12.00
# Visual Studio Version 17
VisualStudioVersion = 17.7.34003.232
MinimumVisualStudioVersion = 10.0.40219.1
Project("{8BC9CEB8-8B4A-11D0-8D11-00A0C91BC942}") = "Chapter 20 Q1", "Chapter 20 Q1\Chapter 20 Q1.vcxproj", "{A2B45EF7-57DB-425F-9A94-AE9D8599EA6D}"
EndProject
Global
	GlobalSection(SolutionConfigurationPlatforms) = preSolution
		Debug|x64 = Debug|x64
		Debug|x86 = Debug|x86
		Release|x64 = Release|x64
		Release|x86 = Release|x86
	EndGlobalSection
	GlobalSection(ProjectConfigurationPlatforms) = postSolution
		{A2B45EF7-57DB-425F-9A94-AE9D8599EA6D}.Debug|x64.ActiveCfg = Debug|x64
		{A2B45EF7-57DB-425F-9A94-AE9D8599EA6D}.Debug|x64.Build.0 = Debug|x64
		{A2B45EF7-57DB-425F-9A94-AE9D8599EA6D}.Debug|x86.ActiveCfg = Debug|Win32
		{A2B45EF7-57DB-425F-9A94-AE9D8599EA6D}.Debug|x86.Build.0 = Debug|Win32
		{A2B45EF7-57DB-425F-9A94-AE9D8599EA6D}.Release|x64.ActiveCfg = Release|x64
		{A2B45EF7-57DB-425F-9A94-AE9D8599EA6D}.Release|x64.Build.0 = Release|x64
		{A2B45EF7-57DB-425F-9A94-AE9D8599EA6D}.Release|x86.ActiveCfg = Release|Win32
		{A2B45EF7-57DB-425F-9A94-AE9D8599EA6D}.Release|x86.Build.0 = Release|Win32
	EndGlobalSection
	GlobalSection(SolutionProperties) = preSolution
		HideSolutionNode = FALSE
	EndGlobalSection
	GlobalSection(ExtensibilityGlobals) = postSolution
		SolutionGuid = {C3330F04-5D41-4044-B10E-D1DB8D4E42CF}
	EndGlobalSection
EndGlobal
