
Microsoft Visual Studio Solution File, Format Version 12.00
# Visual Studio Version 17
VisualStudioVersion = 17.6.33829.357
MinimumVisualStudioVersion = 10.0.40219.1
Project("{8BC9CEB8-8B4A-11D0-8D11-00A0C91BC942}") = "Chapter 22 R", "Chapter 22 R\Chapter 22 R.vcxproj", "{BD7E3E34-475A-4EB8-AAE5-CB0D24B3AB1D}"
EndProject
Global
	GlobalSection(SolutionConfigurationPlatforms) = preSolution
		Debug|x64 = Debug|x64
		Debug|x86 = Debug|x86
		Release|x64 = Release|x64
		Release|x86 = Release|x86
	EndGlobalSection
	GlobalSection(ProjectConfigurationPlatforms) = postSolution
		{BD7E3E34-475A-4EB8-AAE5-CB0D24B3AB1D}.Debug|x64.ActiveCfg = Debug|x64
		{BD7E3E34-475A-4EB8-AAE5-CB0D24B3AB1D}.Debug|x64.Build.0 = Debug|x64
		{BD7E3E34-475A-4EB8-AAE5-CB0D24B3AB1D}.Debug|x86.ActiveCfg = Debug|Win32
		{BD7E3E34-475A-4EB8-AAE5-CB0D24B3AB1D}.Debug|x86.Build.0 = Debug|Win32
		{BD7E3E34-475A-4EB8-AAE5-CB0D24B3AB1D}.Release|x64.ActiveCfg = Release|x64
		{BD7E3E34-475A-4EB8-AAE5-CB0D24B3AB1D}.Release|x64.Build.0 = Release|x64
		{BD7E3E34-475A-4EB8-AAE5-CB0D24B3AB1D}.Release|x86.ActiveCfg = Release|Win32
		{BD7E3E34-475A-4EB8-AAE5-CB0D24B3AB1D}.Release|x86.Build.0 = Release|Win32
	EndGlobalSection
	GlobalSection(SolutionProperties) = preSolution
		HideSolutionNode = FALSE
	EndGlobalSection
	GlobalSection(ExtensibilityGlobals) = postSolution
		SolutionGuid = {D3B4C16E-8177-4367-98AB-522F066644B0}
	EndGlobalSection
EndGlobal
